{
  "pins" : [
    {
      "identity" : "mapbox-common-ios",
      "kind" : "remoteSourceControl",
      "location" : "https://github.com/mapbox/mapbox-common-ios.git",
      "state" : {
        "revision" : "49f0c56ce7a113b4474e08837a1985cf1a8590b5",
        "version" : "23.4.0"
      }
    },
    {
      "identity" : "mapbox-core-maps-ios",
      "kind" : "remoteSourceControl",
      "location" : "https://github.com/mapbox/mapbox-core-maps-ios.git",
      "state" : {
        "revision" : "e30d14ca30bdd2071262ed997ff8694cea4b2c2c",
        "version" : "10.12.2"
      }
    },
    {
      "identity" : "mapbox-maps-ios",
      "kind" : "remoteSourceControl",
      "location" : "https://github.com/mapbox/mapbox-maps-ios.git",
      "state" : {
        "revision" : "678843cd0152c5aa36ec7e2d78de4ea1cae9ebc7",
        "version" : "10.12.2"
      }
    },
    {
      "identity" : "sqlite.swift",
      "kind" : "remoteSourceControl",
      "location" : "https://github.com/stephencelis/SQLite.swift.git",
      "state" : {
        "revision" : "7a2e3cd27de56f6d396e84f63beefd0267b55ccb",
        "version" : "0.14.1"
      }
    },
    {
      "identity" : "turf-swift",
      "kind" : "remoteSourceControl",
      "location" : "https://github.com/mapbox/turf-swift.git",
      "state" : {
        "revision" : "87b5b37108ba9f37f0885b586d8f6355d8240dd8",
        "version" : "2.6.1"
      }
    }
  ],
  "version" : 2
}
