// !$*UTF8*$!
{
	archiveVersion = 1;
	classes = {
	};
	objectVersion = 50;
	objects = {

/* Begin PBXBuildFile section */
		3701845B2466BD0800C6530C /* TopoStore.swift in Sources */ = {isa = PBXBuildFile; fileRef = 3701845A2466BD0800C6530C /* TopoStore.swift */; };
		37043E292458D5A0002782AB /* UserStore.xcdatamodeld in Sources */ = {isa = PBXBuildFile; fileRef = 37043E272458D5A0002782AB /* UserStore.xcdatamodeld */; };
		370FD7A7254F0E80003C3910 /* area-4-topo-lines.json in Resources */ = {isa = PBXBuildFile; fileRef = 370FD7A5254F0E80003C3910 /* area-4-topo-lines.json */; };
		371584DD25ADF0BB00AB3207 /* ImageViewer.swift in Sources */ = {isa = PBXBuildFile; fileRef = 371584DC25ADF0BB00AB3207 /* ImageViewer.swift */; };
		371584DE25ADF0BB00AB3207 /* ImageViewer.swift in Sources */ = {isa = PBXBuildFile; fileRef = 371584DC25ADF0BB00AB3207 /* ImageViewer.swift */; };
		37158D0625487F4F00A8B696 /* DiscoverView.swift in Sources */ = {isa = PBXBuildFile; fileRef = 37158D0525487F4F00A8B696 /* DiscoverView.swift */; };
		37158D0B25488AE000A8B696 /* AreaRowView.swift in Sources */ = {isa = PBXBuildFile; fileRef = 37158D0A25488AE000A8B696 /* AreaRowView.swift */; };
		37158D0E25488B4100A8B696 /* AreaItemView.swift in Sources */ = {isa = PBXBuildFile; fileRef = 37158D0D25488B4100A8B696 /* AreaItemView.swift */; };
		37166736255405CA0078AE09 /* ProblemCircleView.swift in Sources */ = {isa = PBXBuildFile; fileRef = 37166735255405CA0078AE09 /* ProblemCircleView.swift */; };
		37213880258276580030131C /* HeadingView.swift in Sources */ = {isa = PBXBuildFile; fileRef = 3721387F258276580030131C /* HeadingView.swift */; };
		37254DE925557F9700264034 /* GradeRange.swift in Sources */ = {isa = PBXBuildFile; fileRef = 37254DE825557F9700264034 /* GradeRange.swift */; };
		37379900258DF9A300711EDA /* OtherAreasView.swift in Sources */ = {isa = PBXBuildFile; fileRef = 373798FF258DF9A300711EDA /* OtherAreasView.swift */; };
		37379904258E157D00711EDA /* BoolderButtonStyle.swift in Sources */ = {isa = PBXBuildFile; fileRef = 37379903258E157D00711EDA /* BoolderButtonStyle.swift */; };
		37379909258E619400711EDA /* ImagePicker.swift in Sources */ = {isa = PBXBuildFile; fileRef = 378C99E5258569F8003A545B /* ImagePicker.swift */; };
		3737990A258E619400711EDA /* AreaRowView.swift in Sources */ = {isa = PBXBuildFile; fileRef = 37158D0A25488AE000A8B696 /* AreaRowView.swift */; };
		3737990B258E619400711EDA /* LocationFetcher.swift in Sources */ = {isa = PBXBuildFile; fileRef = 378C99E825864A43003A545B /* LocationFetcher.swift */; };
		3737990C258E619400711EDA /* FabFiltersView.swift in Sources */ = {isa = PBXBuildFile; fileRef = 37A8C81B24534D5200DC161F /* FabFiltersView.swift */; };
		3737990D258E619400711EDA /* PoiRouteOverlay.swift in Sources */ = {isa = PBXBuildFile; fileRef = 37E260C724674612003BC672 /* PoiRouteOverlay.swift */; };
		3737990E258E619400711EDA /* ProblemCircleView.swift in Sources */ = {isa = PBXBuildFile; fileRef = 37166735255405CA0078AE09 /* ProblemCircleView.swift */; };
		3737990F258E619400711EDA /* Steepness.swift in Sources */ = {isa = PBXBuildFile; fileRef = 37A8C809245326F200DC161F /* Steepness.swift */; };
		37379910258E619400711EDA /* CircuitFilterView.swift in Sources */ = {isa = PBXBuildFile; fileRef = 37F12D882456D5520036E3E3 /* CircuitFilterView.swift */; };
		37379911258E619400711EDA /* GeoStore.swift in Sources */ = {isa = PBXBuildFile; fileRef = 37A276282457424500F53D80 /* GeoStore.swift */; };
		37379912258E619400711EDA /* FiltersView.swift in Sources */ = {isa = PBXBuildFile; fileRef = 37A2762A2457633E00F53D80 /* FiltersView.swift */; };
		37379913258E619400711EDA /* LineView.swift in Sources */ = {isa = PBXBuildFile; fileRef = 37A4833F2559A73A00DBD526 /* LineView.swift */; };
		37379914258E619400711EDA /* UserStore.xcdatamodeld in Sources */ = {isa = PBXBuildFile; fileRef = 37043E272458D5A0002782AB /* UserStore.xcdatamodeld */; };
		37379915258E619400711EDA /* AppDelegate.swift in Sources */ = {isa = PBXBuildFile; fileRef = 37A8C6292453263300DC161F /* AppDelegate.swift */; };
		37379916258E619400711EDA /* PoiAnnotationView.swift in Sources */ = {isa = PBXBuildFile; fileRef = 3770CABE245F5BB2008B791D /* PoiAnnotationView.swift */; };
		37379917258E619400711EDA /* SceneDelegate.swift in Sources */ = {isa = PBXBuildFile; fileRef = 37A8C62B2453263300DC161F /* SceneDelegate.swift */; };
		37379918258E619400711EDA /* ProblemAnnotation.swift in Sources */ = {isa = PBXBuildFile; fileRef = 37BCA98324670C9D00D56252 /* ProblemAnnotation.swift */; };
		37379919258E619400711EDA /* Poi.swift in Sources */ = {isa = PBXBuildFile; fileRef = 37E260C524674466003BC672 /* Poi.swift */; };
		3737991A258E619400711EDA /* CircleView.swift in Sources */ = {isa = PBXBuildFile; fileRef = 37E42EE0245DB52F00EEBA96 /* CircleView.swift */; };
		3737991B258E619400711EDA /* AreaItemView.swift in Sources */ = {isa = PBXBuildFile; fileRef = 37158D0D25488B4100A8B696 /* AreaItemView.swift */; };
		3737991C258E619400711EDA /* ProblemDetailsView.swift in Sources */ = {isa = PBXBuildFile; fileRef = 37638B8524546D9800C5CD82 /* ProblemDetailsView.swift */; };
		3737991D258E619400711EDA /* MapView.swift in Sources */ = {isa = PBXBuildFile; fileRef = 37A8C8192453320D00DC161F /* MapView.swift */; };
		3737991E258E619400711EDA /* TopoStore.swift in Sources */ = {isa = PBXBuildFile; fileRef = 3701845A2466BD0800C6530C /* TopoStore.swift */; };
		3737991F258E619400711EDA /* BoulderOverlay.swift in Sources */ = {isa = PBXBuildFile; fileRef = 37BCA981246704EB00D56252 /* BoulderOverlay.swift */; };
		37379920258E619400711EDA /* DataStore.swift in Sources */ = {isa = PBXBuildFile; fileRef = 37A8C806245326DB00DC161F /* DataStore.swift */; };
		37379921258E619400711EDA /* AreaView.swift in Sources */ = {isa = PBXBuildFile; fileRef = 37A8C62D2453263300DC161F /* AreaView.swift */; };
		37379922258E619400711EDA /* BoolderButtonStyle.swift in Sources */ = {isa = PBXBuildFile; fileRef = 37379903258E157D00711EDA /* BoolderButtonStyle.swift */; };
		37379923258E619400711EDA /* CubicCurveAlgorithm.swift in Sources */ = {isa = PBXBuildFile; fileRef = 3790C35E2456008F005E786E /* CubicCurveAlgorithm.swift */; };
		37379924258E619400711EDA /* GradeRange.swift in Sources */ = {isa = PBXBuildFile; fileRef = 37254DE825557F9700264034 /* GradeRange.swift */; };
		37379925258E619400711EDA /* ProblemAnnotationView.swift in Sources */ = {isa = PBXBuildFile; fileRef = 37A8C8142453272900DC161F /* ProblemAnnotationView.swift */; };
		37379926258E619400711EDA /* Grade.swift in Sources */ = {isa = PBXBuildFile; fileRef = 37A8C80A245326F200DC161F /* Grade.swift */; };
		37379927258E619400711EDA /* PoiActionSheet.swift in Sources */ = {isa = PBXBuildFile; fileRef = 37FD85A22460A4F90054982F /* PoiActionSheet.swift */; };
		37379928258E619400711EDA /* CircuitOverlay.swift in Sources */ = {isa = PBXBuildFile; fileRef = 37A8C8152453272900DC161F /* CircuitOverlay.swift */; };
		37379929258E619400711EDA /* Problem.swift in Sources */ = {isa = PBXBuildFile; fileRef = 37BCA98524670DC000D56252 /* Problem.swift */; };
		3737992A258E619400711EDA /* Filters.swift in Sources */ = {isa = PBXBuildFile; fileRef = 37A8C80D245326F200DC161F /* Filters.swift */; };
		3737992B258E619400711EDA /* CircuitHelpView.swift in Sources */ = {isa = PBXBuildFile; fileRef = 37BFFB512461B10400837F64 /* CircuitHelpView.swift */; };
		3737992C258E619400711EDA /* OtherAreasView.swift in Sources */ = {isa = PBXBuildFile; fileRef = 373798FF258DF9A300711EDA /* OtherAreasView.swift */; };
		3737992D258E619400711EDA /* ProblemListView.swift in Sources */ = {isa = PBXBuildFile; fileRef = 37638B83245437A000C5CD82 /* ProblemListView.swift */; };
		3737992E258E619400711EDA /* HeadingView.swift in Sources */ = {isa = PBXBuildFile; fileRef = 3721387F258276580030131C /* HeadingView.swift */; };
		3737992F258E619400711EDA /* Circuit.swift in Sources */ = {isa = PBXBuildFile; fileRef = 37A8C80B245326F200DC161F /* Circuit.swift */; };
		37379930258E619400711EDA /* DiscoverView.swift in Sources */ = {isa = PBXBuildFile; fileRef = 37158D0525487F4F00A8B696 /* DiscoverView.swift */; };
		37379931258E619400711EDA /* Line.swift in Sources */ = {isa = PBXBuildFile; fileRef = 37A8C80C245326F200DC161F /* Line.swift */; };
		37379932258E619400711EDA /* PoiAnnotation.swift in Sources */ = {isa = PBXBuildFile; fileRef = 375666DA245F3CDF007170C7 /* PoiAnnotation.swift */; };
		3737994A258E619400711EDA /* area-4-data.geojson in Resources */ = {isa = PBXBuildFile; fileRef = 37F20A6C255F362F002BD5F1 /* area-4-data.geojson */; };
		37379977258E619400711EDA /* area-4-topo-lines.json in Resources */ = {isa = PBXBuildFile; fileRef = 370FD7A5254F0E80003C3910 /* area-4-topo-lines.json */; };
		373799ED258E619400711EDA /* area-2-data.geojson in Resources */ = {isa = PBXBuildFile; fileRef = 37A9CE92255C3855001AE1CF /* area-2-data.geojson */; };
		373799F0258E619400711EDA /* area-5-data.geojson in Resources */ = {isa = PBXBuildFile; fileRef = 378C99FA25868BB9003A545B /* area-5-data.geojson */; };
		37379A0A258E619400711EDA /* InfoPlist.strings in Resources */ = {isa = PBXBuildFile; fileRef = 37F9358D250578D000B1CAB2 /* InfoPlist.strings */; };
		37379A15258E619400711EDA /* Preview Assets.xcassets in Resources */ = {isa = PBXBuildFile; fileRef = 37A8C6322453263400DC161F /* Preview Assets.xcassets */; };
		37379A3D258E619400711EDA /* Assets.xcassets in Resources */ = {isa = PBXBuildFile; fileRef = 37A8C62F2453263400DC161F /* Assets.xcassets */; };
		37379A43258E619400711EDA /* area-1-data.geojson in Resources */ = {isa = PBXBuildFile; fileRef = 37A483392558AC3900DBD526 /* area-1-data.geojson */; };
		37379A46258E619400711EDA /* Localizable.strings in Resources */ = {isa = PBXBuildFile; fileRef = 37A6572724BDC00500273A9A /* Localizable.strings */; };
		37379A50258E619400711EDA /* area-5-topo-lines.json in Resources */ = {isa = PBXBuildFile; fileRef = 378C99F925868BB9003A545B /* area-5-topo-lines.json */; };
		37379A75258E619400711EDA /* area-1-topo-lines.json in Resources */ = {isa = PBXBuildFile; fileRef = 37BC54B025586758002F0BB5 /* area-1-topo-lines.json */; };
		37379A9A258F4C3000711EDA /* Assets.xcassets in Resources */ = {isa = PBXBuildFile; fileRef = 37A8C62F2453263400DC161F /* Assets.xcassets */; };
		375397C625AC6C4C00430BF4 /* Extensions.swift in Sources */ = {isa = PBXBuildFile; fileRef = 375397C525AC6C4C00430BF4 /* Extensions.swift */; };
		375397C925AC6CEF00430BF4 /* Extensions.swift in Sources */ = {isa = PBXBuildFile; fileRef = 375397C525AC6C4C00430BF4 /* Extensions.swift */; };
		375666DB245F3CDF007170C7 /* PoiAnnotation.swift in Sources */ = {isa = PBXBuildFile; fileRef = 375666DA245F3CDF007170C7 /* PoiAnnotation.swift */; };
		37638B84245437A000C5CD82 /* ProblemListView.swift in Sources */ = {isa = PBXBuildFile; fileRef = 37638B83245437A000C5CD82 /* ProblemListView.swift */; };
		37638B8624546D9800C5CD82 /* ProblemDetailsView.swift in Sources */ = {isa = PBXBuildFile; fileRef = 37638B8524546D9800C5CD82 /* ProblemDetailsView.swift */; };
		3770CABF245F5BB2008B791D /* PoiAnnotationView.swift in Sources */ = {isa = PBXBuildFile; fileRef = 3770CABE245F5BB2008B791D /* PoiAnnotationView.swift */; };
		37883A3E2590AB2800BCA364 /* ImageLoadingView.swift in Sources */ = {isa = PBXBuildFile; fileRef = 37883A3D2590AB2800BCA364 /* ImageLoadingView.swift */; };
		37883A412590AB9E00BCA364 /* ImageLoadingView.swift in Sources */ = {isa = PBXBuildFile; fileRef = 37883A3D2590AB2800BCA364 /* ImageLoadingView.swift */; };
		378C99E6258569F8003A545B /* ImagePicker.swift in Sources */ = {isa = PBXBuildFile; fileRef = 378C99E5258569F8003A545B /* ImagePicker.swift */; };
		378C99E925864A43003A545B /* LocationFetcher.swift in Sources */ = {isa = PBXBuildFile; fileRef = 378C99E825864A43003A545B /* LocationFetcher.swift */; };
		378C9A7525868BBA003A545B /* area-5-topo-lines.json in Resources */ = {isa = PBXBuildFile; fileRef = 378C99F925868BB9003A545B /* area-5-topo-lines.json */; };
		378C9A7625868BBA003A545B /* area-5-data.geojson in Resources */ = {isa = PBXBuildFile; fileRef = 378C99FA25868BB9003A545B /* area-5-data.geojson */; };
		3790C3602456008F005E786E /* CubicCurveAlgorithm.swift in Sources */ = {isa = PBXBuildFile; fileRef = 3790C35E2456008F005E786E /* CubicCurveAlgorithm.swift */; };
		3794555F25AB6DC9009C47A4 /* SettingsView.swift in Sources */ = {isa = PBXBuildFile; fileRef = 3794555E25AB6DC9009C47A4 /* SettingsView.swift */; };
		37A276292457424500F53D80 /* GeoStore.swift in Sources */ = {isa = PBXBuildFile; fileRef = 37A276282457424500F53D80 /* GeoStore.swift */; };
		37A2762B2457633E00F53D80 /* FiltersView.swift in Sources */ = {isa = PBXBuildFile; fileRef = 37A2762A2457633E00F53D80 /* FiltersView.swift */; };
		37A4833A2558AC3900DBD526 /* area-1-data.geojson in Resources */ = {isa = PBXBuildFile; fileRef = 37A483392558AC3900DBD526 /* area-1-data.geojson */; };
		37A483402559A73A00DBD526 /* LineView.swift in Sources */ = {isa = PBXBuildFile; fileRef = 37A4833F2559A73A00DBD526 /* LineView.swift */; };
		37A6572524BDC00500273A9A /* Localizable.strings in Resources */ = {isa = PBXBuildFile; fileRef = 37A6572724BDC00500273A9A /* Localizable.strings */; };
		37A8C62A2453263300DC161F /* AppDelegate.swift in Sources */ = {isa = PBXBuildFile; fileRef = 37A8C6292453263300DC161F /* AppDelegate.swift */; };
		37A8C62C2453263300DC161F /* SceneDelegate.swift in Sources */ = {isa = PBXBuildFile; fileRef = 37A8C62B2453263300DC161F /* SceneDelegate.swift */; };
		37A8C62E2453263300DC161F /* AreaView.swift in Sources */ = {isa = PBXBuildFile; fileRef = 37A8C62D2453263300DC161F /* AreaView.swift */; };
		37A8C6332453263400DC161F /* Preview Assets.xcassets in Resources */ = {isa = PBXBuildFile; fileRef = 37A8C6322453263400DC161F /* Preview Assets.xcassets */; };
		37A8C807245326DB00DC161F /* DataStore.swift in Sources */ = {isa = PBXBuildFile; fileRef = 37A8C806245326DB00DC161F /* DataStore.swift */; };
		37A8C80E245326F200DC161F /* Steepness.swift in Sources */ = {isa = PBXBuildFile; fileRef = 37A8C809245326F200DC161F /* Steepness.swift */; };
		37A8C80F245326F200DC161F /* Grade.swift in Sources */ = {isa = PBXBuildFile; fileRef = 37A8C80A245326F200DC161F /* Grade.swift */; };
		37A8C810245326F200DC161F /* Circuit.swift in Sources */ = {isa = PBXBuildFile; fileRef = 37A8C80B245326F200DC161F /* Circuit.swift */; };
		37A8C811245326F200DC161F /* Line.swift in Sources */ = {isa = PBXBuildFile; fileRef = 37A8C80C245326F200DC161F /* Line.swift */; };
		37A8C812245326F200DC161F /* Filters.swift in Sources */ = {isa = PBXBuildFile; fileRef = 37A8C80D245326F200DC161F /* Filters.swift */; };
		37A8C8172453272900DC161F /* ProblemAnnotationView.swift in Sources */ = {isa = PBXBuildFile; fileRef = 37A8C8142453272900DC161F /* ProblemAnnotationView.swift */; };
		37A8C8182453272900DC161F /* CircuitOverlay.swift in Sources */ = {isa = PBXBuildFile; fileRef = 37A8C8152453272900DC161F /* CircuitOverlay.swift */; };
		37A8C81A2453320D00DC161F /* MapView.swift in Sources */ = {isa = PBXBuildFile; fileRef = 37A8C8192453320D00DC161F /* MapView.swift */; };
		37A8C81C24534D5200DC161F /* FabFiltersView.swift in Sources */ = {isa = PBXBuildFile; fileRef = 37A8C81B24534D5200DC161F /* FabFiltersView.swift */; };
		37A9CE93255C3855001AE1CF /* area-2-data.geojson in Resources */ = {isa = PBXBuildFile; fileRef = 37A9CE92255C3855001AE1CF /* area-2-data.geojson */; };
		37B2C28025A8627D003A7C64 /* EditProblemView.swift in Sources */ = {isa = PBXBuildFile; fileRef = 37B2C27F25A8627D003A7C64 /* EditProblemView.swift */; };
		37B2C28325A86282003A7C64 /* EditProblemView.swift in Sources */ = {isa = PBXBuildFile; fileRef = 37B2C27F25A8627D003A7C64 /* EditProblemView.swift */; };
		37B2C28E25A8ABF7003A7C64 /* MapMakerStore.swift in Sources */ = {isa = PBXBuildFile; fileRef = 37B2C28D25A8ABF7003A7C64 /* MapMakerStore.swift */; };
		37B2C28F25A8ABF7003A7C64 /* MapMakerStore.swift in Sources */ = {isa = PBXBuildFile; fileRef = 37B2C28D25A8ABF7003A7C64 /* MapMakerStore.swift */; };
		37B45220259140B100241091 /* NewTopoView.swift in Sources */ = {isa = PBXBuildFile; fileRef = 37B4521F259140B100241091 /* NewTopoView.swift */; };
		37B452282591414800241091 /* NewTopoView.swift in Sources */ = {isa = PBXBuildFile; fileRef = 37B4521F259140B100241091 /* NewTopoView.swift */; };
		37B45231259144D300241091 /* TopoView.swift in Sources */ = {isa = PBXBuildFile; fileRef = 37B45230259144D300241091 /* TopoView.swift */; };
		37B452362591450200241091 /* TopoView.swift in Sources */ = {isa = PBXBuildFile; fileRef = 37B45230259144D300241091 /* TopoView.swift */; };
		37B4524F25923B5A00241091 /* ODRManager.swift in Sources */ = {isa = PBXBuildFile; fileRef = 37B4524E25923B5A00241091 /* ODRManager.swift */; };
		37B4525025923B5A00241091 /* ODRManager.swift in Sources */ = {isa = PBXBuildFile; fileRef = 37B4524E25923B5A00241091 /* ODRManager.swift */; };
		37BC54B225586758002F0BB5 /* area-1-topo-lines.json in Resources */ = {isa = PBXBuildFile; fileRef = 37BC54B025586758002F0BB5 /* area-1-topo-lines.json */; };
		37BCA982246704EB00D56252 /* BoulderOverlay.swift in Sources */ = {isa = PBXBuildFile; fileRef = 37BCA981246704EB00D56252 /* BoulderOverlay.swift */; };
		37BCA98424670C9D00D56252 /* ProblemAnnotation.swift in Sources */ = {isa = PBXBuildFile; fileRef = 37BCA98324670C9D00D56252 /* ProblemAnnotation.swift */; };
		37BCA98624670DC000D56252 /* Problem.swift in Sources */ = {isa = PBXBuildFile; fileRef = 37BCA98524670DC000D56252 /* Problem.swift */; };
		37BFFB522461B10400837F64 /* CircuitHelpView.swift in Sources */ = {isa = PBXBuildFile; fileRef = 37BFFB512461B10400837F64 /* CircuitHelpView.swift */; };
		37C8D3C325ABA6FB002FBDCF /* SettingsView.swift in Sources */ = {isa = PBXBuildFile; fileRef = 3794555E25AB6DC9009C47A4 /* SettingsView.swift */; };
		37E260C624674466003BC672 /* Poi.swift in Sources */ = {isa = PBXBuildFile; fileRef = 37E260C524674466003BC672 /* Poi.swift */; };
		37E260C824674612003BC672 /* PoiRouteOverlay.swift in Sources */ = {isa = PBXBuildFile; fileRef = 37E260C724674612003BC672 /* PoiRouteOverlay.swift */; };
		37E42EE1245DB52F00EEBA96 /* CircleView.swift in Sources */ = {isa = PBXBuildFile; fileRef = 37E42EE0245DB52F00EEBA96 /* CircleView.swift */; };
		37F12D892456D5520036E3E3 /* CircuitFilterView.swift in Sources */ = {isa = PBXBuildFile; fileRef = 37F12D882456D5520036E3E3 /* CircuitFilterView.swift */; };
		37F20A6D255F362F002BD5F1 /* area-4-data.geojson in Resources */ = {isa = PBXBuildFile; fileRef = 37F20A6C255F362F002BD5F1 /* area-4-data.geojson */; };
		37F563F625AB09F400271346 /* TopoEntry.swift in Sources */ = {isa = PBXBuildFile; fileRef = 37F563F525AB09F400271346 /* TopoEntry.swift */; };
		37F563F725AB09F400271346 /* TopoEntry.swift in Sources */ = {isa = PBXBuildFile; fileRef = 37F563F525AB09F400271346 /* TopoEntry.swift */; };
		37F9358B250578D000B1CAB2 /* InfoPlist.strings in Resources */ = {isa = PBXBuildFile; fileRef = 37F9358D250578D000B1CAB2 /* InfoPlist.strings */; };
		37FD85A32460A4F90054982F /* PoiActionSheet.swift in Sources */ = {isa = PBXBuildFile; fileRef = 37FD85A22460A4F90054982F /* PoiActionSheet.swift */; };
/* End PBXBuildFile section */

/* Begin PBXFileReference section */
		3701845A2466BD0800C6530C /* TopoStore.swift */ = {isa = PBXFileReference; lastKnownFileType = sourcecode.swift; path = TopoStore.swift; sourceTree = "<group>"; };
		37043E282458D5A0002782AB /* UserStore.xcdatamodel */ = {isa = PBXFileReference; lastKnownFileType = wrapper.xcdatamodel; path = UserStore.xcdatamodel; sourceTree = "<group>"; };
		370FD7A5254F0E80003C3910 /* area-4-topo-lines.json */ = {isa = PBXFileReference; fileEncoding = 4; lastKnownFileType = text.json; path = "area-4-topo-lines.json"; sourceTree = "<group>"; };
		371584DC25ADF0BB00AB3207 /* ImageViewer.swift */ = {isa = PBXFileReference; lastKnownFileType = sourcecode.swift; path = ImageViewer.swift; sourceTree = "<group>"; };
		37158D0525487F4F00A8B696 /* DiscoverView.swift */ = {isa = PBXFileReference; lastKnownFileType = sourcecode.swift; path = DiscoverView.swift; sourceTree = "<group>"; };
		37158D0A25488AE000A8B696 /* AreaRowView.swift */ = {isa = PBXFileReference; lastKnownFileType = sourcecode.swift; path = AreaRowView.swift; sourceTree = "<group>"; };
		37158D0D25488B4100A8B696 /* AreaItemView.swift */ = {isa = PBXFileReference; lastKnownFileType = sourcecode.swift; path = AreaItemView.swift; sourceTree = "<group>"; };
		37166735255405CA0078AE09 /* ProblemCircleView.swift */ = {isa = PBXFileReference; lastKnownFileType = sourcecode.swift; path = ProblemCircleView.swift; sourceTree = "<group>"; };
		3721387F258276580030131C /* HeadingView.swift */ = {isa = PBXFileReference; lastKnownFileType = sourcecode.swift; path = HeadingView.swift; sourceTree = "<group>"; };
		37254DE825557F9700264034 /* GradeRange.swift */ = {isa = PBXFileReference; lastKnownFileType = sourcecode.swift; path = GradeRange.swift; sourceTree = "<group>"; };
		373798FF258DF9A300711EDA /* OtherAreasView.swift */ = {isa = PBXFileReference; lastKnownFileType = sourcecode.swift; path = OtherAreasView.swift; sourceTree = "<group>"; };
		37379903258E157D00711EDA /* BoolderButtonStyle.swift */ = {isa = PBXFileReference; lastKnownFileType = sourcecode.swift; path = BoolderButtonStyle.swift; sourceTree = "<group>"; };
		37379A8E258E619400711EDA /* Boolder dev.app */ = {isa = PBXFileReference; explicitFileType = wrapper.application; includeInIndex = 0; path = "Boolder dev.app"; sourceTree = BUILT_PRODUCTS_DIR; };
		37379A8F258E619400711EDA /* Dev-Info.plist */ = {isa = PBXFileReference; lastKnownFileType = text.plist.xml; name = "Dev-Info.plist"; path = "/Users/nicolas/Documents/iPhone/Apps/Boolder/Dev-Info.plist"; sourceTree = "<absolute>"; };
		375397C525AC6C4C00430BF4 /* Extensions.swift */ = {isa = PBXFileReference; lastKnownFileType = sourcecode.swift; path = Extensions.swift; sourceTree = "<group>"; };
		375666DA245F3CDF007170C7 /* PoiAnnotation.swift */ = {isa = PBXFileReference; lastKnownFileType = sourcecode.swift; path = PoiAnnotation.swift; sourceTree = "<group>"; };
		37638B83245437A000C5CD82 /* ProblemListView.swift */ = {isa = PBXFileReference; lastKnownFileType = sourcecode.swift; path = ProblemListView.swift; sourceTree = "<group>"; };
		37638B8524546D9800C5CD82 /* ProblemDetailsView.swift */ = {isa = PBXFileReference; lastKnownFileType = sourcecode.swift; path = ProblemDetailsView.swift; sourceTree = "<group>"; };
		3770CABE245F5BB2008B791D /* PoiAnnotationView.swift */ = {isa = PBXFileReference; lastKnownFileType = sourcecode.swift; path = PoiAnnotationView.swift; sourceTree = "<group>"; };
		37883A3D2590AB2800BCA364 /* ImageLoadingView.swift */ = {isa = PBXFileReference; lastKnownFileType = sourcecode.swift; path = ImageLoadingView.swift; sourceTree = "<group>"; };
		378C99E5258569F8003A545B /* ImagePicker.swift */ = {isa = PBXFileReference; lastKnownFileType = sourcecode.swift; path = ImagePicker.swift; sourceTree = "<group>"; };
		378C99E825864A43003A545B /* LocationFetcher.swift */ = {isa = PBXFileReference; lastKnownFileType = sourcecode.swift; path = LocationFetcher.swift; sourceTree = "<group>"; };
		378C99F925868BB9003A545B /* area-5-topo-lines.json */ = {isa = PBXFileReference; fileEncoding = 4; lastKnownFileType = text.json; path = "area-5-topo-lines.json"; sourceTree = "<group>"; };
		378C99FA25868BB9003A545B /* area-5-data.geojson */ = {isa = PBXFileReference; fileEncoding = 4; lastKnownFileType = text; path = "area-5-data.geojson"; sourceTree = "<group>"; };
		3790C35E2456008F005E786E /* CubicCurveAlgorithm.swift */ = {isa = PBXFileReference; fileEncoding = 4; lastKnownFileType = sourcecode.swift; path = CubicCurveAlgorithm.swift; sourceTree = "<group>"; };
		3794555E25AB6DC9009C47A4 /* SettingsView.swift */ = {isa = PBXFileReference; lastKnownFileType = sourcecode.swift; path = SettingsView.swift; sourceTree = "<group>"; };
		37A276282457424500F53D80 /* GeoStore.swift */ = {isa = PBXFileReference; lastKnownFileType = sourcecode.swift; path = GeoStore.swift; sourceTree = "<group>"; };
		37A2762A2457633E00F53D80 /* FiltersView.swift */ = {isa = PBXFileReference; lastKnownFileType = sourcecode.swift; path = FiltersView.swift; sourceTree = "<group>"; };
		37A483392558AC3900DBD526 /* area-1-data.geojson */ = {isa = PBXFileReference; fileEncoding = 4; lastKnownFileType = text; path = "area-1-data.geojson"; sourceTree = "<group>"; };
		37A4833F2559A73A00DBD526 /* LineView.swift */ = {isa = PBXFileReference; lastKnownFileType = sourcecode.swift; path = LineView.swift; sourceTree = "<group>"; };
		37A6572624BDC00500273A9A /* en */ = {isa = PBXFileReference; lastKnownFileType = text.plist.strings; name = en; path = en.lproj/Localizable.strings; sourceTree = "<group>"; };
		37A6572924BDC07000273A9A /* fr */ = {isa = PBXFileReference; lastKnownFileType = text.plist.strings; name = fr; path = fr.lproj/Localizable.strings; sourceTree = "<group>"; };
		37A8C6262453263300DC161F /* Boolder.app */ = {isa = PBXFileReference; explicitFileType = wrapper.application; includeInIndex = 0; path = Boolder.app; sourceTree = BUILT_PRODUCTS_DIR; };
		37A8C6292453263300DC161F /* AppDelegate.swift */ = {isa = PBXFileReference; lastKnownFileType = sourcecode.swift; path = AppDelegate.swift; sourceTree = "<group>"; };
		37A8C62B2453263300DC161F /* SceneDelegate.swift */ = {isa = PBXFileReference; lastKnownFileType = sourcecode.swift; path = SceneDelegate.swift; sourceTree = "<group>"; };
		37A8C62D2453263300DC161F /* AreaView.swift */ = {isa = PBXFileReference; lastKnownFileType = sourcecode.swift; path = AreaView.swift; sourceTree = "<group>"; };
		37A8C62F2453263400DC161F /* Assets.xcassets */ = {isa = PBXFileReference; lastKnownFileType = folder.assetcatalog; path = Assets.xcassets; sourceTree = "<group>"; };
		37A8C6322453263400DC161F /* Preview Assets.xcassets */ = {isa = PBXFileReference; lastKnownFileType = folder.assetcatalog; path = "Preview Assets.xcassets"; sourceTree = "<group>"; };
		37A8C6372453263400DC161F /* Info.plist */ = {isa = PBXFileReference; lastKnownFileType = text.plist.xml; path = Info.plist; sourceTree = "<group>"; };
		37A8C806245326DB00DC161F /* DataStore.swift */ = {isa = PBXFileReference; fileEncoding = 4; lastKnownFileType = sourcecode.swift; path = DataStore.swift; sourceTree = "<group>"; };
		37A8C809245326F200DC161F /* Steepness.swift */ = {isa = PBXFileReference; fileEncoding = 4; lastKnownFileType = sourcecode.swift; path = Steepness.swift; sourceTree = "<group>"; };
		37A8C80A245326F200DC161F /* Grade.swift */ = {isa = PBXFileReference; fileEncoding = 4; lastKnownFileType = sourcecode.swift; path = Grade.swift; sourceTree = "<group>"; };
		37A8C80B245326F200DC161F /* Circuit.swift */ = {isa = PBXFileReference; fileEncoding = 4; lastKnownFileType = sourcecode.swift; path = Circuit.swift; sourceTree = "<group>"; };
		37A8C80C245326F200DC161F /* Line.swift */ = {isa = PBXFileReference; fileEncoding = 4; lastKnownFileType = sourcecode.swift; path = Line.swift; sourceTree = "<group>"; };
		37A8C80D245326F200DC161F /* Filters.swift */ = {isa = PBXFileReference; fileEncoding = 4; lastKnownFileType = sourcecode.swift; path = Filters.swift; sourceTree = "<group>"; };
		37A8C8142453272900DC161F /* ProblemAnnotationView.swift */ = {isa = PBXFileReference; fileEncoding = 4; lastKnownFileType = sourcecode.swift; path = ProblemAnnotationView.swift; sourceTree = "<group>"; };
		37A8C8152453272900DC161F /* CircuitOverlay.swift */ = {isa = PBXFileReference; fileEncoding = 4; lastKnownFileType = sourcecode.swift; path = CircuitOverlay.swift; sourceTree = "<group>"; };
		37A8C8192453320D00DC161F /* MapView.swift */ = {isa = PBXFileReference; lastKnownFileType = sourcecode.swift; path = MapView.swift; sourceTree = "<group>"; };
		37A8C81B24534D5200DC161F /* FabFiltersView.swift */ = {isa = PBXFileReference; lastKnownFileType = sourcecode.swift; path = FabFiltersView.swift; sourceTree = "<group>"; };
		37A9CE92255C3855001AE1CF /* area-2-data.geojson */ = {isa = PBXFileReference; fileEncoding = 4; lastKnownFileType = text; path = "area-2-data.geojson"; sourceTree = "<group>"; };
		37AEBCF425A5CEA200E0E04F /* Boolder dev.entitlements */ = {isa = PBXFileReference; lastKnownFileType = text.plist.entitlements; path = "Boolder dev.entitlements"; sourceTree = "<group>"; };
		37B2C27F25A8627D003A7C64 /* EditProblemView.swift */ = {isa = PBXFileReference; lastKnownFileType = sourcecode.swift; path = EditProblemView.swift; sourceTree = "<group>"; };
		37B2C28D25A8ABF7003A7C64 /* MapMakerStore.swift */ = {isa = PBXFileReference; lastKnownFileType = sourcecode.swift; path = MapMakerStore.swift; sourceTree = "<group>"; };
		37B4521F259140B100241091 /* NewTopoView.swift */ = {isa = PBXFileReference; lastKnownFileType = sourcecode.swift; path = NewTopoView.swift; sourceTree = "<group>"; };
		37B45230259144D300241091 /* TopoView.swift */ = {isa = PBXFileReference; lastKnownFileType = sourcecode.swift; path = TopoView.swift; sourceTree = "<group>"; };
		37B4524E25923B5A00241091 /* ODRManager.swift */ = {isa = PBXFileReference; lastKnownFileType = sourcecode.swift; path = ODRManager.swift; sourceTree = "<group>"; };
		37BC54B025586758002F0BB5 /* area-1-topo-lines.json */ = {isa = PBXFileReference; fileEncoding = 4; lastKnownFileType = text.json; path = "area-1-topo-lines.json"; sourceTree = "<group>"; };
		37BCA981246704EB00D56252 /* BoulderOverlay.swift */ = {isa = PBXFileReference; lastKnownFileType = sourcecode.swift; path = BoulderOverlay.swift; sourceTree = "<group>"; };
		37BCA98324670C9D00D56252 /* ProblemAnnotation.swift */ = {isa = PBXFileReference; lastKnownFileType = sourcecode.swift; path = ProblemAnnotation.swift; sourceTree = "<group>"; };
		37BCA98524670DC000D56252 /* Problem.swift */ = {isa = PBXFileReference; lastKnownFileType = sourcecode.swift; path = Problem.swift; sourceTree = "<group>"; };
		37BFFB512461B10400837F64 /* CircuitHelpView.swift */ = {isa = PBXFileReference; lastKnownFileType = sourcecode.swift; path = CircuitHelpView.swift; sourceTree = "<group>"; };
		37E260C524674466003BC672 /* Poi.swift */ = {isa = PBXFileReference; lastKnownFileType = sourcecode.swift; path = Poi.swift; sourceTree = "<group>"; };
		37E260C724674612003BC672 /* PoiRouteOverlay.swift */ = {isa = PBXFileReference; lastKnownFileType = sourcecode.swift; path = PoiRouteOverlay.swift; sourceTree = "<group>"; };
		37E42EE0245DB52F00EEBA96 /* CircleView.swift */ = {isa = PBXFileReference; lastKnownFileType = sourcecode.swift; path = CircleView.swift; sourceTree = "<group>"; };
		37F12D882456D5520036E3E3 /* CircuitFilterView.swift */ = {isa = PBXFileReference; lastKnownFileType = sourcecode.swift; path = CircuitFilterView.swift; sourceTree = "<group>"; };
		37F20A6C255F362F002BD5F1 /* area-4-data.geojson */ = {isa = PBXFileReference; fileEncoding = 4; lastKnownFileType = text; path = "area-4-data.geojson"; sourceTree = "<group>"; };
		37F563F525AB09F400271346 /* TopoEntry.swift */ = {isa = PBXFileReference; lastKnownFileType = sourcecode.swift; path = TopoEntry.swift; sourceTree = "<group>"; };
		37F9358C250578D000B1CAB2 /* en */ = {isa = PBXFileReference; lastKnownFileType = text.plist.strings; name = en; path = en.lproj/InfoPlist.strings; sourceTree = "<group>"; };
		37F9358E250578D700B1CAB2 /* fr */ = {isa = PBXFileReference; lastKnownFileType = text.plist.strings; name = fr; path = fr.lproj/InfoPlist.strings; sourceTree = "<group>"; };
		37FD85A22460A4F90054982F /* PoiActionSheet.swift */ = {isa = PBXFileReference; lastKnownFileType = sourcecode.swift; path = PoiActionSheet.swift; sourceTree = "<group>"; };
/* End PBXFileReference section */

/* Begin PBXFrameworksBuildPhase section */
		37379933258E619400711EDA /* Frameworks */ = {
			isa = PBXFrameworksBuildPhase;
			buildActionMask = 2147483647;
			files = (
			);
			runOnlyForDeploymentPostprocessing = 0;
		};
		37A8C6232453263300DC161F /* Frameworks */ = {
			isa = PBXFrameworksBuildPhase;
			buildActionMask = 2147483647;
			files = (
			);
			runOnlyForDeploymentPostprocessing = 0;
		};
/* End PBXFrameworksBuildPhase section */

/* Begin PBXGroup section */
		3701844B2465A92A00C6530C /* area-2 */ = {
			isa = PBXGroup;
			children = (
				37A9CE92255C3855001AE1CF /* area-2-data.geojson */,
			);
			path = "area-2";
			sourceTree = "<group>";
		};
		37158D0425487F1700A8B696 /* Discover */ = {
			isa = PBXGroup;
			children = (
				37158D0525487F4F00A8B696 /* DiscoverView.swift */,
				3794555E25AB6DC9009C47A4 /* SettingsView.swift */,
				373798FF258DF9A300711EDA /* OtherAreasView.swift */,
				37158D0A25488AE000A8B696 /* AreaRowView.swift */,
				37158D0D25488B4100A8B696 /* AreaItemView.swift */,
			);
			path = Discover;
			sourceTree = "<group>";
		};
		37254DE525557BAD00264034 /* CircleView */ = {
			isa = PBXGroup;
			children = (
				37E42EE0245DB52F00EEBA96 /* CircleView.swift */,
				37166735255405CA0078AE09 /* ProblemCircleView.swift */,
			);
			path = CircleView;
			sourceTree = "<group>";
		};
		37254DED2555945100264034 /* Stores */ = {
			isa = PBXGroup;
			children = (
				37043E272458D5A0002782AB /* UserStore.xcdatamodeld */,
				37A8C806245326DB00DC161F /* DataStore.swift */,
				37A276282457424500F53D80 /* GeoStore.swift */,
				3701845A2466BD0800C6530C /* TopoStore.swift */,
				37B4524E25923B5A00241091 /* ODRManager.swift */,
			);
			path = Stores;
			sourceTree = "<group>";
		};
		37379902258E155A00711EDA /* UI */ = {
			isa = PBXGroup;
			children = (
				37158D0425487F1700A8B696 /* Discover */,
				37F12D852456D4FC0036E3E3 /* Area */,
				37379903258E157D00711EDA /* BoolderButtonStyle.swift */,
				375397C525AC6C4C00430BF4 /* Extensions.swift */,
				371584DC25ADF0BB00AB3207 /* ImageViewer.swift */,
			);
			path = UI;
			sourceTree = "<group>";
		};
		3766A68E253EDDD800AC3477 /* area-4 */ = {
			isa = PBXGroup;
			children = (
				370FD7A5254F0E80003C3910 /* area-4-topo-lines.json */,
				37F20A6C255F362F002BD5F1 /* area-4-data.geojson */,
			);
			path = "area-4";
			sourceTree = "<group>";
		};
		37A8C61D2453263300DC161F = {
			isa = PBXGroup;
			children = (
				37AEBCF425A5CEA200E0E04F /* Boolder dev.entitlements */,
				37A8C6282453263300DC161F /* Boolder */,
				37A8C6272453263300DC161F /* Products */,
			);
			sourceTree = "<group>";
		};
		37A8C6272453263300DC161F /* Products */ = {
			isa = PBXGroup;
			children = (
				37A8C6262453263300DC161F /* Boolder.app */,
				37379A8E258E619400711EDA /* Boolder dev.app */,
			);
			name = Products;
			sourceTree = "<group>";
		};
		37A8C6282453263300DC161F /* Boolder */ = {
			isa = PBXGroup;
			children = (
				37A8C6292453263300DC161F /* AppDelegate.swift */,
				37A8C62B2453263300DC161F /* SceneDelegate.swift */,
				37254DED2555945100264034 /* Stores */,
				37A8C808245326F200DC161F /* Models */,
				37379902258E155A00711EDA /* UI */,
				37B45223259140C700241091 /* Map Maker */,
				37A8C63D2453269100DC161F /* Data */,
				37A8C62F2453263400DC161F /* Assets.xcassets */,
				37A8C6372453263400DC161F /* Info.plist */,
				37379A8F258E619400711EDA /* Dev-Info.plist */,
				37F9358D250578D000B1CAB2 /* InfoPlist.strings */,
				37A6572724BDC00500273A9A /* Localizable.strings */,
				37A8C6312453263400DC161F /* Preview Content */,
			);
			path = Boolder;
			sourceTree = "<group>";
		};
		37A8C6312453263400DC161F /* Preview Content */ = {
			isa = PBXGroup;
			children = (
				37A8C6322453263400DC161F /* Preview Assets.xcassets */,
			);
			path = "Preview Content";
			sourceTree = "<group>";
		};
		37A8C63D2453269100DC161F /* Data */ = {
			isa = PBXGroup;
			children = (
				37A8C63E245326B300DC161F /* area-1 */,
				3701844B2465A92A00C6530C /* area-2 */,
				3766A68E253EDDD800AC3477 /* area-4 */,
				37D1287A256411F7002BA5E0 /* area-5 */,
			);
			path = Data;
			sourceTree = "<group>";
		};
		37A8C63E245326B300DC161F /* area-1 */ = {
			isa = PBXGroup;
			children = (
				37A483392558AC3900DBD526 /* area-1-data.geojson */,
				37BC54B025586758002F0BB5 /* area-1-topo-lines.json */,
			);
			path = "area-1";
			sourceTree = "<group>";
		};
		37A8C808245326F200DC161F /* Models */ = {
			isa = PBXGroup;
			children = (
				37BCA98524670DC000D56252 /* Problem.swift */,
				37A8C80B245326F200DC161F /* Circuit.swift */,
				37A8C809245326F200DC161F /* Steepness.swift */,
				37A8C80A245326F200DC161F /* Grade.swift */,
				37254DE825557F9700264034 /* GradeRange.swift */,
				37A8C80C245326F200DC161F /* Line.swift */,
				37A8C80D245326F200DC161F /* Filters.swift */,
				37E260C524674466003BC672 /* Poi.swift */,
			);
			path = Models;
			sourceTree = "<group>";
		};
		37B45223259140C700241091 /* Map Maker */ = {
			isa = PBXGroup;
			children = (
				37B2C28D25A8ABF7003A7C64 /* MapMakerStore.swift */,
				37F5640825AB13E000271346 /* Topo */,
				37B2C27F25A8627D003A7C64 /* EditProblemView.swift */,
			);
			path = "Map Maker";
			sourceTree = "<group>";
		};
		37B4522B259144B000241091 /* Topo */ = {
			isa = PBXGroup;
			children = (
				37B45230259144D300241091 /* TopoView.swift */,
				37883A3D2590AB2800BCA364 /* ImageLoadingView.swift */,
				37A4833F2559A73A00DBD526 /* LineView.swift */,
				3790C35E2456008F005E786E /* CubicCurveAlgorithm.swift */,
			);
			path = Topo;
			sourceTree = "<group>";
		};
		37D1287A256411F7002BA5E0 /* area-5 */ = {
			isa = PBXGroup;
			children = (
				378C99FA25868BB9003A545B /* area-5-data.geojson */,
				378C99F925868BB9003A545B /* area-5-topo-lines.json */,
			);
			path = "area-5";
			sourceTree = "<group>";
		};
		37D7B16A245B091100B522A6 /* Map */ = {
			isa = PBXGroup;
			children = (
				37A8C8192453320D00DC161F /* MapView.swift */,
				3721387F258276580030131C /* HeadingView.swift */,
				37FD85A22460A4F90054982F /* PoiActionSheet.swift */,
				37BCA98324670C9D00D56252 /* ProblemAnnotation.swift */,
				37A8C8142453272900DC161F /* ProblemAnnotationView.swift */,
				37A8C8152453272900DC161F /* CircuitOverlay.swift */,
				37BCA981246704EB00D56252 /* BoulderOverlay.swift */,
				375666DA245F3CDF007170C7 /* PoiAnnotation.swift */,
				3770CABE245F5BB2008B791D /* PoiAnnotationView.swift */,
				37E260C724674612003BC672 /* PoiRouteOverlay.swift */,
			);
			path = Map;
			sourceTree = "<group>";
		};
		37F12D852456D4FC0036E3E3 /* Area */ = {
			isa = PBXGroup;
			children = (
				37A8C62D2453263300DC161F /* AreaView.swift */,
				37D7B16A245B091100B522A6 /* Map */,
				37638B83245437A000C5CD82 /* ProblemListView.swift */,
				37254DE525557BAD00264034 /* CircleView */,
				37A8C81B24534D5200DC161F /* FabFiltersView.swift */,
				37A2762A2457633E00F53D80 /* FiltersView.swift */,
				37F12D882456D5520036E3E3 /* CircuitFilterView.swift */,
				37BFFB512461B10400837F64 /* CircuitHelpView.swift */,
				37F12D862456D50E0036E3E3 /* Problem details */,
			);
			path = Area;
			sourceTree = "<group>";
		};
		37F12D862456D50E0036E3E3 /* Problem details */ = {
			isa = PBXGroup;
			children = (
				37638B8524546D9800C5CD82 /* ProblemDetailsView.swift */,
				37B4522B259144B000241091 /* Topo */,
			);
			path = "Problem details";
			sourceTree = "<group>";
		};
		37F5640825AB13E000271346 /* Topo */ = {
			isa = PBXGroup;
			children = (
				37B4521F259140B100241091 /* NewTopoView.swift */,
				37F563F525AB09F400271346 /* TopoEntry.swift */,
				378C99E5258569F8003A545B /* ImagePicker.swift */,
				378C99E825864A43003A545B /* LocationFetcher.swift */,
			);
			path = Topo;
			sourceTree = "<group>";
		};
/* End PBXGroup section */

/* Begin PBXNativeTarget section */
		37379907258E619400711EDA /* Boolder dev */ = {
			isa = PBXNativeTarget;
			buildConfigurationList = 37379A8B258E619400711EDA /* Build configuration list for PBXNativeTarget "Boolder dev" */;
			buildPhases = (
				37379908258E619400711EDA /* Sources */,
				37379933258E619400711EDA /* Frameworks */,
				37379934258E619400711EDA /* Resources */,
			);
			buildRules = (
			);
			dependencies = (
			);
			name = "Boolder dev";
			productName = Boolder;
			productReference = 37379A8E258E619400711EDA /* Boolder dev.app */;
			productType = "com.apple.product-type.application";
		};
		37A8C6252453263300DC161F /* Boolder */ = {
			isa = PBXNativeTarget;
			buildConfigurationList = 37A8C63A2453263400DC161F /* Build configuration list for PBXNativeTarget "Boolder" */;
			buildPhases = (
				37A8C6222453263300DC161F /* Sources */,
				37A8C6232453263300DC161F /* Frameworks */,
				37A8C6242453263300DC161F /* Resources */,
			);
			buildRules = (
			);
			dependencies = (
			);
			name = Boolder;
			productName = Boolder;
			productReference = 37A8C6262453263300DC161F /* Boolder.app */;
			productType = "com.apple.product-type.application";
		};
/* End PBXNativeTarget section */

/* Begin PBXProject section */
		37A8C61E2453263300DC161F /* Project object */ = {
			isa = PBXProject;
			attributes = {
				KnownAssetTags = (
					"area-1",
					"area-2",
					"area-4",
					"area-5",
				);
				LastSwiftUpdateCheck = 1140;
				LastUpgradeCheck = 1200;
				ORGANIZATIONNAME = "Nicolas Mondollot";
				TargetAttributes = {
					37A8C6252453263300DC161F = {
						CreatedOnToolsVersion = 11.4.1;
					};
				};
			};
			buildConfigurationList = 37A8C6212453263300DC161F /* Build configuration list for PBXProject "Boolder" */;
			compatibilityVersion = "Xcode 9.3";
			developmentRegion = en;
			hasScannedForEncodings = 0;
			knownRegions = (
				en,
				Base,
				fr,
			);
			mainGroup = 37A8C61D2453263300DC161F;
			productRefGroup = 37A8C6272453263300DC161F /* Products */;
			projectDirPath = "";
			projectRoot = "";
			targets = (
				37A8C6252453263300DC161F /* Boolder */,
				37379907258E619400711EDA /* Boolder dev */,
			);
		};
/* End PBXProject section */

/* Begin PBXResourcesBuildPhase section */
		37379934258E619400711EDA /* Resources */ = {
			isa = PBXResourcesBuildPhase;
			buildActionMask = 2147483647;
			files = (
				3737994A258E619400711EDA /* area-4-data.geojson in Resources */,
				37379977258E619400711EDA /* area-4-topo-lines.json in Resources */,
				373799ED258E619400711EDA /* area-2-data.geojson in Resources */,
				373799F0258E619400711EDA /* area-5-data.geojson in Resources */,
				37379A0A258E619400711EDA /* InfoPlist.strings in Resources */,
				37379A15258E619400711EDA /* Preview Assets.xcassets in Resources */,
				37379A3D258E619400711EDA /* Assets.xcassets in Resources */,
				37379A43258E619400711EDA /* area-1-data.geojson in Resources */,
				37379A46258E619400711EDA /* Localizable.strings in Resources */,
				37379A50258E619400711EDA /* area-5-topo-lines.json in Resources */,
				37379A75258E619400711EDA /* area-1-topo-lines.json in Resources */,
			);
			runOnlyForDeploymentPostprocessing = 0;
		};
		37A8C6242453263300DC161F /* Resources */ = {
			isa = PBXResourcesBuildPhase;
			buildActionMask = 2147483647;
			files = (
				37F20A6D255F362F002BD5F1 /* area-4-data.geojson in Resources */,
				370FD7A7254F0E80003C3910 /* area-4-topo-lines.json in Resources */,
				37A9CE93255C3855001AE1CF /* area-2-data.geojson in Resources */,
				378C9A7625868BBA003A545B /* area-5-data.geojson in Resources */,
				37F9358B250578D000B1CAB2 /* InfoPlist.strings in Resources */,
				37A8C6332453263400DC161F /* Preview Assets.xcassets in Resources */,
				37379A9A258F4C3000711EDA /* Assets.xcassets in Resources */,
				37A4833A2558AC3900DBD526 /* area-1-data.geojson in Resources */,
				37A6572524BDC00500273A9A /* Localizable.strings in Resources */,
				378C9A7525868BBA003A545B /* area-5-topo-lines.json in Resources */,
				37BC54B225586758002F0BB5 /* area-1-topo-lines.json in Resources */,
			);
			runOnlyForDeploymentPostprocessing = 0;
		};
/* End PBXResourcesBuildPhase section */

/* Begin PBXSourcesBuildPhase section */
		37379908258E619400711EDA /* Sources */ = {
			isa = PBXSourcesBuildPhase;
			buildActionMask = 2147483647;
			files = (
				37379909258E619400711EDA /* ImagePicker.swift in Sources */,
				3737990A258E619400711EDA /* AreaRowView.swift in Sources */,
				3737990B258E619400711EDA /* LocationFetcher.swift in Sources */,
				3737990C258E619400711EDA /* FabFiltersView.swift in Sources */,
				3737990D258E619400711EDA /* PoiRouteOverlay.swift in Sources */,
				3737990E258E619400711EDA /* ProblemCircleView.swift in Sources */,
				3737990F258E619400711EDA /* Steepness.swift in Sources */,
				37379910258E619400711EDA /* CircuitFilterView.swift in Sources */,
				37379911258E619400711EDA /* GeoStore.swift in Sources */,
				37883A412590AB9E00BCA364 /* ImageLoadingView.swift in Sources */,
				37379912258E619400711EDA /* FiltersView.swift in Sources */,
				37379913258E619400711EDA /* LineView.swift in Sources */,
				37379914258E619400711EDA /* UserStore.xcdatamodeld in Sources */,
				37379915258E619400711EDA /* AppDelegate.swift in Sources */,
				37379916258E619400711EDA /* PoiAnnotationView.swift in Sources */,
				37C8D3C325ABA6FB002FBDCF /* SettingsView.swift in Sources */,
				37379917258E619400711EDA /* SceneDelegate.swift in Sources */,
				37379918258E619400711EDA /* ProblemAnnotation.swift in Sources */,
				37379919258E619400711EDA /* Poi.swift in Sources */,
				3737991A258E619400711EDA /* CircleView.swift in Sources */,
				3737991B258E619400711EDA /* AreaItemView.swift in Sources */,
				3737991C258E619400711EDA /* ProblemDetailsView.swift in Sources */,
				3737991D258E619400711EDA /* MapView.swift in Sources */,
				3737991E258E619400711EDA /* TopoStore.swift in Sources */,
				3737991F258E619400711EDA /* BoulderOverlay.swift in Sources */,
				37379920258E619400711EDA /* DataStore.swift in Sources */,
				37379921258E619400711EDA /* AreaView.swift in Sources */,
				37B2C28F25A8ABF7003A7C64 /* MapMakerStore.swift in Sources */,
				37379922258E619400711EDA /* BoolderButtonStyle.swift in Sources */,
				37B4525025923B5A00241091 /* ODRManager.swift in Sources */,
				37379923258E619400711EDA /* CubicCurveAlgorithm.swift in Sources */,
				375397C925AC6CEF00430BF4 /* Extensions.swift in Sources */,
				37B2C28325A86282003A7C64 /* EditProblemView.swift in Sources */,
				37379924258E619400711EDA /* GradeRange.swift in Sources */,
				37379925258E619400711EDA /* ProblemAnnotationView.swift in Sources */,
				37379926258E619400711EDA /* Grade.swift in Sources */,
				37379927258E619400711EDA /* PoiActionSheet.swift in Sources */,
				37379928258E619400711EDA /* CircuitOverlay.swift in Sources */,
				37379929258E619400711EDA /* Problem.swift in Sources */,
				3737992A258E619400711EDA /* Filters.swift in Sources */,
				3737992B258E619400711EDA /* CircuitHelpView.swift in Sources */,
				37F563F725AB09F400271346 /* TopoEntry.swift in Sources */,
				3737992C258E619400711EDA /* OtherAreasView.swift in Sources */,
				3737992D258E619400711EDA /* ProblemListView.swift in Sources */,
				3737992E258E619400711EDA /* HeadingView.swift in Sources */,
				37B452362591450200241091 /* TopoView.swift in Sources */,
				37B452282591414800241091 /* NewTopoView.swift in Sources */,
				3737992F258E619400711EDA /* Circuit.swift in Sources */,
				37379930258E619400711EDA /* DiscoverView.swift in Sources */,
				371584DE25ADF0BB00AB3207 /* ImageViewer.swift in Sources */,
				37379931258E619400711EDA /* Line.swift in Sources */,
				37379932258E619400711EDA /* PoiAnnotation.swift in Sources */,
			);
			runOnlyForDeploymentPostprocessing = 0;
		};
		37A8C6222453263300DC161F /* Sources */ = {
			isa = PBXSourcesBuildPhase;
			buildActionMask = 2147483647;
			files = (
				378C99E6258569F8003A545B /* ImagePicker.swift in Sources */,
				37158D0B25488AE000A8B696 /* AreaRowView.swift in Sources */,
				378C99E925864A43003A545B /* LocationFetcher.swift in Sources */,
				37A8C81C24534D5200DC161F /* FabFiltersView.swift in Sources */,
				37E260C824674612003BC672 /* PoiRouteOverlay.swift in Sources */,
				37166736255405CA0078AE09 /* ProblemCircleView.swift in Sources */,
				37A8C80E245326F200DC161F /* Steepness.swift in Sources */,
				37F12D892456D5520036E3E3 /* CircuitFilterView.swift in Sources */,
				37A276292457424500F53D80 /* GeoStore.swift in Sources */,
				37883A3E2590AB2800BCA364 /* ImageLoadingView.swift in Sources */,
				37A2762B2457633E00F53D80 /* FiltersView.swift in Sources */,
				37A483402559A73A00DBD526 /* LineView.swift in Sources */,
				37043E292458D5A0002782AB /* UserStore.xcdatamodeld in Sources */,
				37A8C62A2453263300DC161F /* AppDelegate.swift in Sources */,
				3770CABF245F5BB2008B791D /* PoiAnnotationView.swift in Sources */,
				3794555F25AB6DC9009C47A4 /* SettingsView.swift in Sources */,
				37A8C62C2453263300DC161F /* SceneDelegate.swift in Sources */,
				37BCA98424670C9D00D56252 /* ProblemAnnotation.swift in Sources */,
				37E260C624674466003BC672 /* Poi.swift in Sources */,
				37E42EE1245DB52F00EEBA96 /* CircleView.swift in Sources */,
				37158D0E25488B4100A8B696 /* AreaItemView.swift in Sources */,
				37638B8624546D9800C5CD82 /* ProblemDetailsView.swift in Sources */,
				37A8C81A2453320D00DC161F /* MapView.swift in Sources */,
				3701845B2466BD0800C6530C /* TopoStore.swift in Sources */,
				37BCA982246704EB00D56252 /* BoulderOverlay.swift in Sources */,
				37A8C807245326DB00DC161F /* DataStore.swift in Sources */,
				37A8C62E2453263300DC161F /* AreaView.swift in Sources */,
				37B2C28E25A8ABF7003A7C64 /* MapMakerStore.swift in Sources */,
				37379904258E157D00711EDA /* BoolderButtonStyle.swift in Sources */,
				37B4524F25923B5A00241091 /* ODRManager.swift in Sources */,
				3790C3602456008F005E786E /* CubicCurveAlgorithm.swift in Sources */,
				375397C625AC6C4C00430BF4 /* Extensions.swift in Sources */,
				37B2C28025A8627D003A7C64 /* EditProblemView.swift in Sources */,
				37254DE925557F9700264034 /* GradeRange.swift in Sources */,
				37A8C8172453272900DC161F /* ProblemAnnotationView.swift in Sources */,
				37A8C80F245326F200DC161F /* Grade.swift in Sources */,
				37FD85A32460A4F90054982F /* PoiActionSheet.swift in Sources */,
				37A8C8182453272900DC161F /* CircuitOverlay.swift in Sources */,
				37BCA98624670DC000D56252 /* Problem.swift in Sources */,
				37A8C812245326F200DC161F /* Filters.swift in Sources */,
				37BFFB522461B10400837F64 /* CircuitHelpView.swift in Sources */,
				37F563F625AB09F400271346 /* TopoEntry.swift in Sources */,
				37379900258DF9A300711EDA /* OtherAreasView.swift in Sources */,
				37638B84245437A000C5CD82 /* ProblemListView.swift in Sources */,
				37213880258276580030131C /* HeadingView.swift in Sources */,
				37B45231259144D300241091 /* TopoView.swift in Sources */,
				37B45220259140B100241091 /* NewTopoView.swift in Sources */,
				37A8C810245326F200DC161F /* Circuit.swift in Sources */,
				37158D0625487F4F00A8B696 /* DiscoverView.swift in Sources */,
				371584DD25ADF0BB00AB3207 /* ImageViewer.swift in Sources */,
				37A8C811245326F200DC161F /* Line.swift in Sources */,
				375666DB245F3CDF007170C7 /* PoiAnnotation.swift in Sources */,
			);
			runOnlyForDeploymentPostprocessing = 0;
		};
/* End PBXSourcesBuildPhase section */

/* Begin PBXVariantGroup section */
		37A6572724BDC00500273A9A /* Localizable.strings */ = {
			isa = PBXVariantGroup;
			children = (
				37A6572624BDC00500273A9A /* en */,
				37A6572924BDC07000273A9A /* fr */,
			);
			name = Localizable.strings;
			sourceTree = "<group>";
		};
		37F9358D250578D000B1CAB2 /* InfoPlist.strings */ = {
			isa = PBXVariantGroup;
			children = (
				37F9358C250578D000B1CAB2 /* en */,
				37F9358E250578D700B1CAB2 /* fr */,
			);
			name = InfoPlist.strings;
			sourceTree = "<group>";
		};
/* End PBXVariantGroup section */

/* Begin XCBuildConfiguration section */
		37379A8C258E619400711EDA /* Debug */ = {
			isa = XCBuildConfiguration;
			buildSettings = {
				ASSETCATALOG_COMPILER_APPICON_NAME = AppIconDev;
				ASSETCATALOG_COMPILER_GLOBAL_ACCENT_COLOR_NAME = AppGreen;
				CODE_SIGN_ENTITLEMENTS = "Boolder dev.entitlements";
				CODE_SIGN_STYLE = Automatic;
				CURRENT_PROJECT_VERSION = 12;
				DEVELOPMENT_ASSET_PATHS = "\"Boolder/Preview Content\"";
				DEVELOPMENT_TEAM = 8Y46BCZUL9;
				EMBED_ASSET_PACKS_IN_PRODUCT_BUNDLE = YES;
				ENABLE_PREVIEWS = YES;
				INFOPLIST_FILE = "Dev-Info.plist";
				LD_RUNPATH_SEARCH_PATHS = (
					"$(inherited)",
					"@executable_path/Frameworks",
				);
				MARKETING_VERSION = 1.0;
				ON_DEMAND_RESOURCES_PREFETCH_ORDER = "area-1 area-4 area-2 area-5";
				OTHER_SWIFT_FLAGS = "-DDEVELOPMENT";
				PRODUCT_BUNDLE_IDENTIFIER = "com.nicolasmondollot.boolder-dev";
				PRODUCT_NAME = "$(TARGET_NAME)";
				SWIFT_VERSION = 5.0;
				TARGETED_DEVICE_FAMILY = "1,2";
			};
			name = Debug;
		};
		37379A8D258E619400711EDA /* Release */ = {
			isa = XCBuildConfiguration;
			buildSettings = {
				ASSETCATALOG_COMPILER_APPICON_NAME = AppIconDev;
				ASSETCATALOG_COMPILER_GLOBAL_ACCENT_COLOR_NAME = AppGreen;
				CODE_SIGN_ENTITLEMENTS = "Boolder dev.entitlements";
				CODE_SIGN_STYLE = Automatic;
				CURRENT_PROJECT_VERSION = 12;
				DEVELOPMENT_ASSET_PATHS = "\"Boolder/Preview Content\"";
				DEVELOPMENT_TEAM = 8Y46BCZUL9;
				EMBED_ASSET_PACKS_IN_PRODUCT_BUNDLE = YES;
				ENABLE_PREVIEWS = YES;
				INFOPLIST_FILE = "Dev-Info.plist";
				LD_RUNPATH_SEARCH_PATHS = (
					"$(inherited)",
					"@executable_path/Frameworks",
				);
				MARKETING_VERSION = 1.0;
				ON_DEMAND_RESOURCES_PREFETCH_ORDER = "area-1 area-4 area-2 area-5";
				OTHER_SWIFT_FLAGS = "-DDEVELOPMENT";
				PRODUCT_BUNDLE_IDENTIFIER = "com.nicolasmondollot.boolder-dev";
				PRODUCT_NAME = "$(TARGET_NAME)";
				SWIFT_VERSION = 5.0;
				TARGETED_DEVICE_FAMILY = "1,2";
			};
			name = Release;
		};
		37A8C6382453263400DC161F /* Debug */ = {
			isa = XCBuildConfiguration;
			buildSettings = {
				ALWAYS_SEARCH_USER_PATHS = NO;
				CLANG_ANALYZER_LOCALIZABILITY_NONLOCALIZED = YES;
				CLANG_ANALYZER_NONNULL = YES;
				CLANG_ANALYZER_NUMBER_OBJECT_CONVERSION = YES_AGGRESSIVE;
				CLANG_CXX_LANGUAGE_STANDARD = "gnu++14";
				CLANG_CXX_LIBRARY = "libc++";
				CLANG_ENABLE_MODULES = YES;
				CLANG_ENABLE_OBJC_ARC = YES;
				CLANG_ENABLE_OBJC_WEAK = YES;
				CLANG_WARN_BLOCK_CAPTURE_AUTORELEASING = YES;
				CLANG_WARN_BOOL_CONVERSION = YES;
				CLANG_WARN_COMMA = YES;
				CLANG_WARN_CONSTANT_CONVERSION = YES;
				CLANG_WARN_DEPRECATED_OBJC_IMPLEMENTATIONS = YES;
				CLANG_WARN_DIRECT_OBJC_ISA_USAGE = YES_ERROR;
				CLANG_WARN_DOCUMENTATION_COMMENTS = YES;
				CLANG_WARN_EMPTY_BODY = YES;
				CLANG_WARN_ENUM_CONVERSION = YES;
				CLANG_WARN_INFINITE_RECURSION = YES;
				CLANG_WARN_INT_CONVERSION = YES;
				CLANG_WARN_NON_LITERAL_NULL_CONVERSION = YES;
				CLANG_WARN_OBJC_IMPLICIT_RETAIN_SELF = YES;
				CLANG_WARN_OBJC_LITERAL_CONVERSION = YES;
				CLANG_WARN_OBJC_ROOT_CLASS = YES_ERROR;
				CLANG_WARN_QUOTED_INCLUDE_IN_FRAMEWORK_HEADER = YES;
				CLANG_WARN_RANGE_LOOP_ANALYSIS = YES;
				CLANG_WARN_STRICT_PROTOTYPES = YES;
				CLANG_WARN_SUSPICIOUS_MOVE = YES;
				CLANG_WARN_UNGUARDED_AVAILABILITY = YES_AGGRESSIVE;
				CLANG_WARN_UNREACHABLE_CODE = YES;
				CLANG_WARN__DUPLICATE_METHOD_MATCH = YES;
				COPY_PHASE_STRIP = NO;
				DEBUG_INFORMATION_FORMAT = dwarf;
				ENABLE_STRICT_OBJC_MSGSEND = YES;
				ENABLE_TESTABILITY = YES;
				GCC_C_LANGUAGE_STANDARD = gnu11;
				GCC_DYNAMIC_NO_PIC = NO;
				GCC_NO_COMMON_BLOCKS = YES;
				GCC_OPTIMIZATION_LEVEL = 0;
				GCC_PREPROCESSOR_DEFINITIONS = (
					"DEBUG=1",
					"$(inherited)",
				);
				GCC_WARN_64_TO_32_BIT_CONVERSION = YES;
				GCC_WARN_ABOUT_RETURN_TYPE = YES_ERROR;
				GCC_WARN_UNDECLARED_SELECTOR = YES;
				GCC_WARN_UNINITIALIZED_AUTOS = YES_AGGRESSIVE;
				GCC_WARN_UNUSED_FUNCTION = YES;
				GCC_WARN_UNUSED_VARIABLE = YES;
				IPHONEOS_DEPLOYMENT_TARGET = 14.0;
				MTL_ENABLE_DEBUG_INFO = INCLUDE_SOURCE;
				MTL_FAST_MATH = YES;
				ONLY_ACTIVE_ARCH = YES;
				SDKROOT = iphoneos;
				SWIFT_ACTIVE_COMPILATION_CONDITIONS = DEBUG;
				SWIFT_OPTIMIZATION_LEVEL = "-Onone";
			};
			name = Debug;
		};
		37A8C6392453263400DC161F /* Release */ = {
			isa = XCBuildConfiguration;
			buildSettings = {
				ALWAYS_SEARCH_USER_PATHS = NO;
				CLANG_ANALYZER_LOCALIZABILITY_NONLOCALIZED = YES;
				CLANG_ANALYZER_NONNULL = YES;
				CLANG_ANALYZER_NUMBER_OBJECT_CONVERSION = YES_AGGRESSIVE;
				CLANG_CXX_LANGUAGE_STANDARD = "gnu++14";
				CLANG_CXX_LIBRARY = "libc++";
				CLANG_ENABLE_MODULES = YES;
				CLANG_ENABLE_OBJC_ARC = YES;
				CLANG_ENABLE_OBJC_WEAK = YES;
				CLANG_WARN_BLOCK_CAPTURE_AUTORELEASING = YES;
				CLANG_WARN_BOOL_CONVERSION = YES;
				CLANG_WARN_COMMA = YES;
				CLANG_WARN_CONSTANT_CONVERSION = YES;
				CLANG_WARN_DEPRECATED_OBJC_IMPLEMENTATIONS = YES;
				CLANG_WARN_DIRECT_OBJC_ISA_USAGE = YES_ERROR;
				CLANG_WARN_DOCUMENTATION_COMMENTS = YES;
				CLANG_WARN_EMPTY_BODY = YES;
				CLANG_WARN_ENUM_CONVERSION = YES;
				CLANG_WARN_INFINITE_RECURSION = YES;
				CLANG_WARN_INT_CONVERSION = YES;
				CLANG_WARN_NON_LITERAL_NULL_CONVERSION = YES;
				CLANG_WARN_OBJC_IMPLICIT_RETAIN_SELF = YES;
				CLANG_WARN_OBJC_LITERAL_CONVERSION = YES;
				CLANG_WARN_OBJC_ROOT_CLASS = YES_ERROR;
				CLANG_WARN_QUOTED_INCLUDE_IN_FRAMEWORK_HEADER = YES;
				CLANG_WARN_RANGE_LOOP_ANALYSIS = YES;
				CLANG_WARN_STRICT_PROTOTYPES = YES;
				CLANG_WARN_SUSPICIOUS_MOVE = YES;
				CLANG_WARN_UNGUARDED_AVAILABILITY = YES_AGGRESSIVE;
				CLANG_WARN_UNREACHABLE_CODE = YES;
				CLANG_WARN__DUPLICATE_METHOD_MATCH = YES;
				COPY_PHASE_STRIP = NO;
				DEBUG_INFORMATION_FORMAT = "dwarf-with-dsym";
				ENABLE_NS_ASSERTIONS = NO;
				ENABLE_STRICT_OBJC_MSGSEND = YES;
				GCC_C_LANGUAGE_STANDARD = gnu11;
				GCC_NO_COMMON_BLOCKS = YES;
				GCC_WARN_64_TO_32_BIT_CONVERSION = YES;
				GCC_WARN_ABOUT_RETURN_TYPE = YES_ERROR;
				GCC_WARN_UNDECLARED_SELECTOR = YES;
				GCC_WARN_UNINITIALIZED_AUTOS = YES_AGGRESSIVE;
				GCC_WARN_UNUSED_FUNCTION = YES;
				GCC_WARN_UNUSED_VARIABLE = YES;
				IPHONEOS_DEPLOYMENT_TARGET = 14.0;
				MTL_ENABLE_DEBUG_INFO = NO;
				MTL_FAST_MATH = YES;
				SDKROOT = iphoneos;
				SWIFT_COMPILATION_MODE = wholemodule;
				SWIFT_OPTIMIZATION_LEVEL = "-O";
				VALIDATE_PRODUCT = YES;
			};
			name = Release;
		};
		37A8C63B2453263400DC161F /* Debug */ = {
			isa = XCBuildConfiguration;
			buildSettings = {
				ASSETCATALOG_COMPILER_APPICON_NAME = AppIcon;
				ASSETCATALOG_COMPILER_GLOBAL_ACCENT_COLOR_NAME = AppGreen;
				CODE_SIGN_STYLE = Automatic;
				CURRENT_PROJECT_VERSION = 12;
				DEVELOPMENT_ASSET_PATHS = "\"Boolder/Preview Content\"";
				DEVELOPMENT_TEAM = 8Y46BCZUL9;
				ENABLE_PREVIEWS = YES;
				INFOPLIST_FILE = Boolder/Info.plist;
				LD_RUNPATH_SEARCH_PATHS = (
					"$(inherited)",
					"@executable_path/Frameworks",
				);
				MARKETING_VERSION = 1.0;
				ON_DEMAND_RESOURCES_PREFETCH_ORDER = "area-1 area-4 area-2 area-5";
				PRODUCT_BUNDLE_IDENTIFIER = com.nicolasmondollot.boolder;
				PRODUCT_NAME = Boolder;
				SWIFT_VERSION = 5.0;
				TARGETED_DEVICE_FAMILY = "1,2";
			};
			name = Debug;
		};
		37A8C63C2453263400DC161F /* Release */ = {
			isa = XCBuildConfiguration;
			buildSettings = {
				ASSETCATALOG_COMPILER_APPICON_NAME = AppIcon;
				ASSETCATALOG_COMPILER_GLOBAL_ACCENT_COLOR_NAME = AppGreen;
				CODE_SIGN_STYLE = Automatic;
				CURRENT_PROJECT_VERSION = 12;
				DEVELOPMENT_ASSET_PATHS = "\"Boolder/Preview Content\"";
				DEVELOPMENT_TEAM = 8Y46BCZUL9;
				ENABLE_PREVIEWS = YES;
				INFOPLIST_FILE = Boolder/Info.plist;
				LD_RUNPATH_SEARCH_PATHS = (
					"$(inherited)",
					"@executable_path/Frameworks",
				);
				MARKETING_VERSION = 1.0;
				ON_DEMAND_RESOURCES_PREFETCH_ORDER = "area-1 area-4 area-2 area-5";
				PRODUCT_BUNDLE_IDENTIFIER = com.nicolasmondollot.boolder;
				PRODUCT_NAME = Boolder;
				SWIFT_VERSION = 5.0;
				TARGETED_DEVICE_FAMILY = "1,2";
			};
			name = Release;
		};
/* End XCBuildConfiguration section */

/* Begin XCConfigurationList section */
		37379A8B258E619400711EDA /* Build configuration list for PBXNativeTarget "Boolder dev" */ = {
			isa = XCConfigurationList;
			buildConfigurations = (
				37379A8C258E619400711EDA /* Debug */,
				37379A8D258E619400711EDA /* Release */,
			);
			defaultConfigurationIsVisible = 0;
			defaultConfigurationName = Release;
		};
		37A8C6212453263300DC161F /* Build configuration list for PBXProject "Boolder" */ = {
			isa = XCConfigurationList;
			buildConfigurations = (
				37A8C6382453263400DC161F /* Debug */,
				37A8C6392453263400DC161F /* Release */,
			);
			defaultConfigurationIsVisible = 0;
			defaultConfigurationName = Release;
		};
		37A8C63A2453263400DC161F /* Build configuration list for PBXNativeTarget "Boolder" */ = {
			isa = XCConfigurationList;
			buildConfigurations = (
				37A8C63B2453263400DC161F /* Debug */,
				37A8C63C2453263400DC161F /* Release */,
			);
			defaultConfigurationIsVisible = 0;
			defaultConfigurationName = Release;
		};
/* End XCConfigurationList section */

/* Begin XCVersionGroup section */
		37043E272458D5A0002782AB /* UserStore.xcdatamodeld */ = {
			isa = XCVersionGroup;
			children = (
				37043E282458D5A0002782AB /* UserStore.xcdatamodel */,
			);
			currentVersion = 37043E282458D5A0002782AB /* UserStore.xcdatamodel */;
			path = UserStore.xcdatamodeld;
			sourceTree = "<group>";
			versionGroupType = wrapper.xcdatamodel;
		};
/* End XCVersionGroup section */
	};
	rootObject = 37A8C61E2453263300DC161F /* Project object */;
}
